
Microsoft Visual Studio Solution File, Format Version 12.00
# Visual Studio Version 17
VisualStudioVersion = 17.14.36930.0 d17.14
MinimumVisualStudioVersion = 10.0.40219.1
Project("{FAE04EC0-301F-11D3-BF4B-00C04F79EFBC}") = "Control de Inventario", "Control de Inventario\Control de Inventario.csproj", "{7D2D771A-3211-42AD-8A53-4ED07BF6183B}"
EndProject
Global
	GlobalSection(SolutionConfigurationPlatforms) = preSolution
		Debug|Any CPU = Debug|Any CPU
		Release|Any CPU = Release|Any CPU
	EndGlobalSection
	GlobalSection(ProjectConfigurationPlatforms) = postSolution
		{7D2D771A-3211-42AD-8A53-4ED07BF6183B}.Debug|Any CPU.ActiveCfg = Debug|Any CPU
		{7D2D771A-3211-42AD-8A53-4ED07BF6183B}.Debug|Any CPU.Build.0 = Debug|Any CPU
		{7D2D771A-3211-42AD-8A53-4ED07BF6183B}.Release|Any CPU.ActiveCfg = Release|Any CPU
		{7D2D771A-3211-42AD-8A53-4ED07BF6183B}.Release|Any CPU.Build.0 = Release|Any CPU
	EndGlobalSection
	GlobalSection(SolutionProperties) = preSolution
		HideSolutionNode = FALSE
	EndGlobalSection
	GlobalSection(ExtensibilityGlobals) = postSolution
		SolutionGuid = {35861492-E7D7-4206-B3CD-4F7A50F854DA}
	EndGlobalSection
EndGlobal
